
Microsoft Visual Studio Solution File, Format Version 12.00
# Visual Studio Version 16
VisualStudioVersion = 16.0.29721.120
MinimumVisualStudioVersion = 10.0.40219.1
Project("{9A19103F-16F7-4668-BE54-9A1E7A4F7556}") = "CharacterCreation", "CharacterCreation\CharacterCreation.csproj", "{CDA886F4-91C3-406E-9559-0F69A16780B0}"
EndProject
Project("{9A19103F-16F7-4668-BE54-9A1E7A4F7556}") = "CharacterCreation.Data", "CharacterCreation.Data\CharacterCreation.Data.csproj", "{D4D1AA21-21F3-4AC3-8C89-B959BE102317}"
EndProject
Project("{9A19103F-16F7-4668-BE54-9A1E7A4F7556}") = "CharacterCreation.Shared", "CharacterCreation.Shared\CharacterCreation.Shared.csproj", "{EBB87D93-AD35-4747-A9AE-51147502C36A}"
EndProject
Project("{FAE04EC0-301F-11D3-BF4B-00C04F79EFBC}") = "CharacterCreation.Logic", "CharacterCreation.Logic\CharacterCreation.Logic.csproj", "{3CD2224C-F2E0-4DB1-BACA-B06776BB14AF}"
EndProject
Project("{FAE04EC0-301F-11D3-BF4B-00C04F79EFBC}") = "CharacterCreation.Test", "CharacterCreation.Test\CharacterCreation.Test.csproj", "{189FE7CA-10F5-40C8-8746-50DBC3246F5E}"
EndProject
Global
	GlobalSection(SolutionConfigurationPlatforms) = preSolution
		Debug|Any CPU = Debug|Any CPU
		Release|Any CPU = Release|Any CPU
	EndGlobalSection
	GlobalSection(ProjectConfigurationPlatforms) = postSolution
		{CDA886F4-91C3-406E-9559-0F69A16780B0}.Debug|Any CPU.ActiveCfg = Debug|Any CPU
		{CDA886F4-91C3-406E-9559-0F69A16780B0}.Debug|Any CPU.Build.0 = Debug|Any CPU
		{CDA886F4-91C3-406E-9559-0F69A16780B0}.Release|Any CPU.ActiveCfg = Release|Any CPU
		{CDA886F4-91C3-406E-9559-0F69A16780B0}.Release|Any CPU.Build.0 = Release|Any CPU
		{D4D1AA21-21F3-4AC3-8C89-B959BE102317}.Debug|Any CPU.ActiveCfg = Debug|Any CPU
		{D4D1AA21-21F3-4AC3-8C89-B959BE102317}.Debug|Any CPU.Build.0 = Debug|Any CPU
		{D4D1AA21-21F3-4AC3-8C89-B959BE102317}.Release|Any CPU.ActiveCfg = Release|Any CPU
		{D4D1AA21-21F3-4AC3-8C89-B959BE102317}.Release|Any CPU.Build.0 = Release|Any CPU
		{EBB87D93-AD35-4747-A9AE-51147502C36A}.Debug|Any CPU.ActiveCfg = Debug|Any CPU
		{EBB87D93-AD35-4747-A9AE-51147502C36A}.Debug|Any CPU.Build.0 = Debug|Any CPU
		{EBB87D93-AD35-4747-A9AE-51147502C36A}.Release|Any CPU.ActiveCfg = Release|Any CPU
		{EBB87D93-AD35-4747-A9AE-51147502C36A}.Release|Any CPU.Build.0 = Release|Any CPU
		{3CD2224C-F2E0-4DB1-BACA-B06776BB14AF}.Debug|Any CPU.ActiveCfg = Debug|Any CPU
		{3CD2224C-F2E0-4DB1-BACA-B06776BB14AF}.Debug|Any CPU.Build.0 = Debug|Any CPU
		{3CD2224C-F2E0-4DB1-BACA-B06776BB14AF}.Release|Any CPU.ActiveCfg = Release|Any CPU
		{3CD2224C-F2E0-4DB1-BACA-B06776BB14AF}.Release|Any CPU.Build.0 = Release|Any CPU
		{189FE7CA-10F5-40C8-8746-50DBC3246F5E}.Debug|Any CPU.ActiveCfg = Debug|Any CPU
		{189FE7CA-10F5-40C8-8746-50DBC3246F5E}.Debug|Any CPU.Build.0 = Debug|Any CPU
		{189FE7CA-10F5-40C8-8746-50DBC3246F5E}.Release|Any CPU.ActiveCfg = Release|Any CPU
		{189FE7CA-10F5-40C8-8746-50DBC3246F5E}.Release|Any CPU.Build.0 = Release|Any CPU
	EndGlobalSection
	GlobalSection(SolutionProperties) = preSolution
		HideSolutionNode = FALSE
	EndGlobalSection
	GlobalSection(ExtensibilityGlobals) = postSolution
		SolutionGuid = {2D95EE5C-F3BD-41BA-A79E-8EC75C694205}
	EndGlobalSection
EndGlobal
